
Microsoft Visual Studio Solution File, Format Version 12.00
# Visual Studio Version 17
VisualStudioVersion = 17.1.32319.34
MinimumVisualStudioVersion = 10.0.40219.1
Project("{FAE04EC0-301F-11D3-BF4B-00C04F79EFBC}") = "Dialog", "Dialog\Dialog.csproj", "{363DC11C-D48A-41BB-9294-2C7568F84370}"
EndProject
Global
	GlobalSection(SolutionConfigurationPlatforms) = preSolution
		Debug|Any CPU = Debug|Any CPU
		Release|Any CPU = Release|Any CPU
	EndGlobalSection
	GlobalSection(ProjectConfigurationPlatforms) = postSolution
		{363DC11C-D48A-41BB-9294-2C7568F84370}.Debug|Any CPU.ActiveCfg = Debug|Any CPU
		{363DC11C-D48A-41BB-9294-2C7568F84370}.Debug|Any CPU.Build.0 = Debug|Any CPU
		{363DC11C-D48A-41BB-9294-2C7568F84370}.Release|Any CPU.ActiveCfg = Release|Any CPU
		{363DC11C-D48A-41BB-9294-2C7568F84370}.Release|Any CPU.Build.0 = Release|Any CPU
	EndGlobalSection
	GlobalSection(SolutionProperties) = preSolution
		HideSolutionNode = FALSE
	EndGlobalSection
	GlobalSection(ExtensibilityGlobals) = postSolution
		SolutionGuid = {42C9CB68-22CF-4C1D-9659-73626180EA65}
	EndGlobalSection
EndGlobal
